{
	"name": "genai-mail-insights-html5-app-deployer",
	"version": "1.0.0",
	"lockfileVersion": 3,
	"requires": true,
	"packages": {
		"": {
			"name": "genai-mail-insights-html5-app-deployer",
			"version": "1.0.0",
			"dependencies": {
				"@sap/html5-app-deployer": "^7.0.0",
				"ai": "file:.."
			},
			"engines": {
				"node": ">=20"
			}
		},
		"..": {},
		"node_modules/@colors/colors": {
			"version": "1.6.0",
			"license": "MIT",
			"engines": {
				"node": ">=0.1.90"
			}
		},
		"node_modules/@sap/html5-app-deployer": {
			"version": "7.0.0",
			"license": "SEE LICENSE IN LICENSE",
			"dependencies": {
				"@sap/xsenv": "5.4.0",
				"@sap/xssec": "3.6.1",
				"archiver": "5.3.2",
				"async": "3.2.3",
				"axios": "1.7.9",
				"cf-nodejs-logging-support": "7.4.0",
				"file-type": "19.6.0",
				"form-data": "4.0.0",
				"read-chunk": "5.0.0",
				"uuid": "8.3.2"
			},
			"engines": {
				"node": "^18.0.0 || ^20.0.0 || ^22.0.0"
			}
		},
		"node_modules/@sap/xsenv": {
			"version": "5.4.0",
			"license": "SEE LICENSE IN LICENSE file",
			"dependencies": {
				"debug": "4.3.7",
				"node-cache": "^5.1.2",
				"verror": "1.10.1"
			},
			"engines": {
				"node": "^18.0.0 || ^20.0.0  || ^22.0.0"
			}
		},
		"node_modules/@sap/xsenv/node_modules/debug": {
			"version": "4.3.7",
			"license": "MIT",
			"dependencies": {
				"ms": "^2.1.3"
			},
			"engines": {
				"node": ">=6.0"
			},
			"peerDependenciesMeta": {
				"supports-color": {
					"optional": true
				}
			}
		},
		"node_modules/@sap/xssec": {
			"version": "3.6.1",
			"license": "SAP DEVELOPER LICENSE AGREEMENT",
			"dependencies": {
				"axios": "^1.6",
				"debug": "^4.3.4",
				"jsonwebtoken": "^9.0.2",
				"node-rsa": "^1.1.1"
			},
			"engines": {
				"node": ">=14"
			}
		},
		"node_modules/@sec-ant/readable-stream": {
			"version": "0.4.1",
			"license": "MIT"
		},
		"node_modules/@tokenizer/token": {
			"version": "0.3.0",
			"license": "MIT"
		},
		"node_modules/@types/triple-beam": {
			"version": "1.3.5",
			"license": "MIT"
		},
		"node_modules/ai": {
			"resolved": "..",
			"link": true
		},
		"node_modules/ajv": {
			"version": "8.17.1",
			"license": "MIT",
			"dependencies": {
				"fast-deep-equal": "^3.1.3",
				"fast-uri": "^3.0.1",
				"json-schema-traverse": "^1.0.0",
				"require-from-string": "^2.0.2"
			},
			"funding": {
				"type": "github",
				"url": "https://github.com/sponsors/epoberezkin"
			}
		},
		"node_modules/archiver": {
			"version": "5.3.2",
			"license": "MIT",
			"dependencies": {
				"archiver-utils": "^2.1.0",
				"async": "^3.2.4",
				"buffer-crc32": "^0.2.1",
				"readable-stream": "^3.6.0",
				"readdir-glob": "^1.1.2",
				"tar-stream": "^2.2.0",
				"zip-stream": "^4.1.0"
			},
			"engines": {
				"node": ">= 10"
			}
		},
		"node_modules/archiver-utils": {
			"version": "2.1.0",
			"license": "MIT",
			"dependencies": {
				"glob": "^7.1.4",
				"graceful-fs": "^4.2.0",
				"lazystream": "^1.0.0",
				"lodash.defaults": "^4.2.0",
				"lodash.difference": "^4.5.0",
				"lodash.flatten": "^4.4.0",
				"lodash.isplainobject": "^4.0.6",
				"lodash.union": "^4.6.0",
				"normalize-path": "^3.0.0",
				"readable-stream": "^2.0.0"
			},
			"engines": {
				"node": ">= 6"
			}
		},
		"node_modules/archiver-utils/node_modules/readable-stream": {
			"version": "2.3.8",
			"license": "MIT",
			"dependencies": {
				"core-util-is": "~1.0.0",
				"inherits": "~2.0.3",
				"isarray": "~1.0.0",
				"process-nextick-args": "~2.0.0",
				"safe-buffer": "~5.1.1",
				"string_decoder": "~1.1.1",
				"util-deprecate": "~1.0.1"
			}
		},
		"node_modules/archiver-utils/node_modules/safe-buffer": {
			"version": "5.1.2",
			"license": "MIT"
		},
		"node_modules/archiver-utils/node_modules/string_decoder": {
			"version": "1.1.1",
			"license": "MIT",
			"dependencies": {
				"safe-buffer": "~5.1.0"
			}
		},
		"node_modules/archiver/node_modules/async": {
			"version": "3.2.6",
			"license": "MIT"
		},
		"node_modules/asn1": {
			"version": "0.2.6",
			"license": "MIT",
			"dependencies": {
				"safer-buffer": "~2.1.0"
			}
		},
		"node_modules/assert-plus": {
			"version": "1.0.0",
			"license": "MIT",
			"engines": {
				"node": ">=0.8"
			}
		},
		"node_modules/async": {
			"version": "3.2.3",
			"license": "MIT"
		},
		"node_modules/asynckit": {
			"version": "0.4.0",
			"license": "MIT"
		},
		"node_modules/axios": {
			"version": "1.7.9",
			"license": "MIT",
			"dependencies": {
				"follow-redirects": "^1.15.6",
				"form-data": "^4.0.0",
				"proxy-from-env": "^1.1.0"
			}
		},
		"node_modules/balanced-match": {
			"version": "1.0.2",
			"license": "MIT"
		},
		"node_modules/base64-js": {
			"version": "1.5.1",
			"funding": [
				{
					"type": "github",
					"url": "https://github.com/sponsors/feross"
				},
				{
					"type": "patreon",
					"url": "https://www.patreon.com/feross"
				},
				{
					"type": "consulting",
					"url": "https://feross.org/support"
				}
			],
			"license": "MIT"
		},
		"node_modules/bl": {
			"version": "4.1.0",
			"license": "MIT",
			"dependencies": {
				"buffer": "^5.5.0",
				"inherits": "^2.0.4",
				"readable-stream": "^3.4.0"
			}
		},
		"node_modules/brace-expansion": {
			"version": "1.1.11",
			"license": "MIT",
			"dependencies": {
				"balanced-match": "^1.0.0",
				"concat-map": "0.0.1"
			}
		},
		"node_modules/buffer": {
			"version": "5.7.1",
			"funding": [
				{
					"type": "github",
					"url": "https://github.com/sponsors/feross"
				},
				{
					"type": "patreon",
					"url": "https://www.patreon.com/feross"
				},
				{
					"type": "consulting",
					"url": "https://feross.org/support"
				}
			],
			"license": "MIT",
			"dependencies": {
				"base64-js": "^1.3.1",
				"ieee754": "^1.1.13"
			}
		},
		"node_modules/buffer-crc32": {
			"version": "0.2.13",
			"license": "MIT",
			"engines": {
				"node": "*"
			}
		},
		"node_modules/buffer-equal-constant-time": {
			"version": "1.0.1",
			"license": "BSD-3-Clause"
		},
		"node_modules/cf-nodejs-logging-support": {
			"version": "7.4.0",
			"license": "Apache-2.0",
			"dependencies": {
				"ajv": "^8.11.0",
				"json-stringify-safe": "^5.0.1",
				"jsonwebtoken": "^9.0.0",
				"triple-beam": "^1.3.0",
				"uuid": "^9.0.0",
				"winston-transport": "^4.5.0"
			},
			"engines": {
				"node": ">=14.14"
			}
		},
		"node_modules/cf-nodejs-logging-support/node_modules/uuid": {
			"version": "9.0.1",
			"funding": [
				"https://github.com/sponsors/broofa",
				"https://github.com/sponsors/ctavan"
			],
			"license": "MIT",
			"bin": {
				"uuid": "dist/bin/uuid"
			}
		},
		"node_modules/clone": {
			"version": "2.1.2",
			"license": "MIT",
			"engines": {
				"node": ">=0.8"
			}
		},
		"node_modules/combined-stream": {
			"version": "1.0.8",
			"license": "MIT",
			"dependencies": {
				"delayed-stream": "~1.0.0"
			},
			"engines": {
				"node": ">= 0.8"
			}
		},
		"node_modules/compress-commons": {
			"version": "4.1.2",
			"license": "MIT",
			"dependencies": {
				"buffer-crc32": "^0.2.13",
				"crc32-stream": "^4.0.2",
				"normalize-path": "^3.0.0",
				"readable-stream": "^3.6.0"
			},
			"engines": {
				"node": ">= 10"
			}
		},
		"node_modules/concat-map": {
			"version": "0.0.1",
			"license": "MIT"
		},
		"node_modules/core-util-is": {
			"version": "1.0.2",
			"license": "MIT"
		},
		"node_modules/crc-32": {
			"version": "1.2.2",
			"license": "Apache-2.0",
			"bin": {
				"crc32": "bin/crc32.njs"
			},
			"engines": {
				"node": ">=0.8"
			}
		},
		"node_modules/crc32-stream": {
			"version": "4.0.3",
			"license": "MIT",
			"dependencies": {
				"crc-32": "^1.2.0",
				"readable-stream": "^3.4.0"
			},
			"engines": {
				"node": ">= 10"
			}
		},
		"node_modules/debug": {
			"version": "4.4.0",
			"license": "MIT",
			"dependencies": {
				"ms": "^2.1.3"
			},
			"engines": {
				"node": ">=6.0"
			},
			"peerDependenciesMeta": {
				"supports-color": {
					"optional": true
				}
			}
		},
		"node_modules/delayed-stream": {
			"version": "1.0.0",
			"license": "MIT",
			"engines": {
				"node": ">=0.4.0"
			}
		},
		"node_modules/ecdsa-sig-formatter": {
			"version": "1.0.11",
			"license": "Apache-2.0",
			"dependencies": {
				"safe-buffer": "^5.0.1"
			}
		},
		"node_modules/end-of-stream": {
			"version": "1.4.4",
			"license": "MIT",
			"dependencies": {
				"once": "^1.4.0"
			}
		},
		"node_modules/extsprintf": {
			"version": "1.4.1",
			"engines": [
				"node >=0.6.0"
			],
			"license": "MIT"
		},
		"node_modules/fast-deep-equal": {
			"version": "3.1.3",
			"license": "MIT"
		},
		"node_modules/fast-uri": {
			"version": "3.0.6",
			"funding": [
				{
					"type": "github",
					"url": "https://github.com/sponsors/fastify"
				},
				{
					"type": "opencollective",
					"url": "https://opencollective.com/fastify"
				}
			],
			"license": "BSD-3-Clause"
		},
		"node_modules/fecha": {
			"version": "4.2.3",
			"license": "MIT"
		},
		"node_modules/file-type": {
			"version": "19.6.0",
			"license": "MIT",
			"dependencies": {
				"get-stream": "^9.0.1",
				"strtok3": "^9.0.1",
				"token-types": "^6.0.0",
				"uint8array-extras": "^1.3.0"
			},
			"engines": {
				"node": ">=18"
			},
			"funding": {
				"url": "https://github.com/sindresorhus/file-type?sponsor=1"
			}
		},
		"node_modules/follow-redirects": {
			"version": "1.15.9",
			"funding": [
				{
					"type": "individual",
					"url": "https://github.com/sponsors/RubenVerborgh"
				}
			],
			"license": "MIT",
			"engines": {
				"node": ">=4.0"
			},
			"peerDependenciesMeta": {
				"debug": {
					"optional": true
				}
			}
		},
		"node_modules/form-data": {
			"version": "4.0.0",
			"license": "MIT",
			"dependencies": {
				"asynckit": "^0.4.0",
				"combined-stream": "^1.0.8",
				"mime-types": "^2.1.12"
			},
			"engines": {
				"node": ">= 6"
			}
		},
		"node_modules/fs-constants": {
			"version": "1.0.0",
			"license": "MIT"
		},
		"node_modules/fs.realpath": {
			"version": "1.0.0",
			"license": "ISC"
		},
		"node_modules/get-stream": {
			"version": "9.0.1",
			"license": "MIT",
			"dependencies": {
				"@sec-ant/readable-stream": "^0.4.1",
				"is-stream": "^4.0.1"
			},
			"engines": {
				"node": ">=18"
			},
			"funding": {
				"url": "https://github.com/sponsors/sindresorhus"
			}
		},
		"node_modules/glob": {
			"version": "7.2.3",
			"license": "ISC",
			"dependencies": {
				"fs.realpath": "^1.0.0",
				"inflight": "^1.0.4",
				"inherits": "2",
				"minimatch": "^3.1.1",
				"once": "^1.3.0",
				"path-is-absolute": "^1.0.0"
			},
			"engines": {
				"node": "*"
			},
			"funding": {
				"url": "https://github.com/sponsors/isaacs"
			}
		},
		"node_modules/graceful-fs": {
			"version": "4.2.11",
			"license": "ISC"
		},
		"node_modules/ieee754": {
			"version": "1.2.1",
			"funding": [
				{
					"type": "github",
					"url": "https://github.com/sponsors/feross"
				},
				{
					"type": "patreon",
					"url": "https://www.patreon.com/feross"
				},
				{
					"type": "consulting",
					"url": "https://feross.org/support"
				}
			],
			"license": "BSD-3-Clause"
		},
		"node_modules/inflight": {
			"version": "1.0.6",
			"license": "ISC",
			"dependencies": {
				"once": "^1.3.0",
				"wrappy": "1"
			}
		},
		"node_modules/inherits": {
			"version": "2.0.4",
			"license": "ISC"
		},
		"node_modules/is-stream": {
			"version": "4.0.1",
			"license": "MIT",
			"engines": {
				"node": ">=18"
			},
			"funding": {
				"url": "https://github.com/sponsors/sindresorhus"
			}
		},
		"node_modules/isarray": {
			"version": "1.0.0",
			"license": "MIT"
		},
		"node_modules/json-schema-traverse": {
			"version": "1.0.0",
			"license": "MIT"
		},
		"node_modules/json-stringify-safe": {
			"version": "5.0.1",
			"license": "ISC"
		},
		"node_modules/jsonwebtoken": {
			"version": "9.0.2",
			"license": "MIT",
			"dependencies": {
				"jws": "^3.2.2",
				"lodash.includes": "^4.3.0",
				"lodash.isboolean": "^3.0.3",
				"lodash.isinteger": "^4.0.4",
				"lodash.isnumber": "^3.0.3",
				"lodash.isplainobject": "^4.0.6",
				"lodash.isstring": "^4.0.1",
				"lodash.once": "^4.0.0",
				"ms": "^2.1.1",
				"semver": "^7.5.4"
			},
			"engines": {
				"node": ">=12",
				"npm": ">=6"
			}
		},
		"node_modules/jwa": {
			"version": "1.4.1",
			"license": "MIT",
			"dependencies": {
				"buffer-equal-constant-time": "1.0.1",
				"ecdsa-sig-formatter": "1.0.11",
				"safe-buffer": "^5.0.1"
			}
		},
		"node_modules/jws": {
			"version": "3.2.2",
			"license": "MIT",
			"dependencies": {
				"jwa": "^1.4.1",
				"safe-buffer": "^5.0.1"
			}
		},
		"node_modules/lazystream": {
			"version": "1.0.1",
			"license": "MIT",
			"dependencies": {
				"readable-stream": "^2.0.5"
			},
			"engines": {
				"node": ">= 0.6.3"
			}
		},
		"node_modules/lazystream/node_modules/readable-stream": {
			"version": "2.3.8",
			"license": "MIT",
			"dependencies": {
				"core-util-is": "~1.0.0",
				"inherits": "~2.0.3",
				"isarray": "~1.0.0",
				"process-nextick-args": "~2.0.0",
				"safe-buffer": "~5.1.1",
				"string_decoder": "~1.1.1",
				"util-deprecate": "~1.0.1"
			}
		},
		"node_modules/lazystream/node_modules/safe-buffer": {
			"version": "5.1.2",
			"license": "MIT"
		},
		"node_modules/lazystream/node_modules/string_decoder": {
			"version": "1.1.1",
			"license": "MIT",
			"dependencies": {
				"safe-buffer": "~5.1.0"
			}
		},
		"node_modules/lodash.defaults": {
			"version": "4.2.0",
			"license": "MIT"
		},
		"node_modules/lodash.difference": {
			"version": "4.5.0",
			"license": "MIT"
		},
		"node_modules/lodash.flatten": {
			"version": "4.4.0",
			"license": "MIT"
		},
		"node_modules/lodash.includes": {
			"version": "4.3.0",
			"license": "MIT"
		},
		"node_modules/lodash.isboolean": {
			"version": "3.0.3",
			"license": "MIT"
		},
		"node_modules/lodash.isinteger": {
			"version": "4.0.4",
			"license": "MIT"
		},
		"node_modules/lodash.isnumber": {
			"version": "3.0.3",
			"license": "MIT"
		},
		"node_modules/lodash.isplainobject": {
			"version": "4.0.6",
			"license": "MIT"
		},
		"node_modules/lodash.isstring": {
			"version": "4.0.1",
			"license": "MIT"
		},
		"node_modules/lodash.once": {
			"version": "4.1.1",
			"license": "MIT"
		},
		"node_modules/lodash.union": {
			"version": "4.6.0",
			"license": "MIT"
		},
		"node_modules/logform": {
			"version": "2.7.0",
			"license": "MIT",
			"dependencies": {
				"@colors/colors": "1.6.0",
				"@types/triple-beam": "^1.3.2",
				"fecha": "^4.2.0",
				"ms": "^2.1.1",
				"safe-stable-stringify": "^2.3.1",
				"triple-beam": "^1.3.0"
			},
			"engines": {
				"node": ">= 12.0.0"
			}
		},
		"node_modules/mime-db": {
			"version": "1.52.0",
			"license": "MIT",
			"engines": {
				"node": ">= 0.6"
			}
		},
		"node_modules/mime-types": {
			"version": "2.1.35",
			"license": "MIT",
			"dependencies": {
				"mime-db": "1.52.0"
			},
			"engines": {
				"node": ">= 0.6"
			}
		},
		"node_modules/minimatch": {
			"version": "3.1.2",
			"license": "ISC",
			"dependencies": {
				"brace-expansion": "^1.1.7"
			},
			"engines": {
				"node": "*"
			}
		},
		"node_modules/ms": {
			"version": "2.1.3",
			"license": "MIT"
		},
		"node_modules/node-cache": {
			"version": "5.1.2",
			"license": "MIT",
			"dependencies": {
				"clone": "2.x"
			},
			"engines": {
				"node": ">= 8.0.0"
			}
		},
		"node_modules/node-rsa": {
			"version": "1.1.1",
			"license": "MIT",
			"dependencies": {
				"asn1": "^0.2.4"
			}
		},
		"node_modules/normalize-path": {
			"version": "3.0.0",
			"license": "MIT",
			"engines": {
				"node": ">=0.10.0"
			}
		},
		"node_modules/once": {
			"version": "1.4.0",
			"license": "ISC",
			"dependencies": {
				"wrappy": "1"
			}
		},
		"node_modules/path-is-absolute": {
			"version": "1.0.1",
			"license": "MIT",
			"engines": {
				"node": ">=0.10.0"
			}
		},
		"node_modules/peek-readable": {
			"version": "5.4.2",
			"license": "MIT",
			"engines": {
				"node": ">=14.16"
			},
			"funding": {
				"type": "github",
				"url": "https://github.com/sponsors/Borewit"
			}
		},
		"node_modules/process-nextick-args": {
			"version": "2.0.1",
			"license": "MIT"
		},
		"node_modules/proxy-from-env": {
			"version": "1.1.0",
			"license": "MIT"
		},
		"node_modules/read-chunk": {
			"version": "5.0.0",
			"license": "MIT",
			"engines": {
				"node": ">=18"
			},
			"funding": {
				"url": "https://github.com/sponsors/sindresorhus"
			}
		},
		"node_modules/readable-stream": {
			"version": "3.6.2",
			"license": "MIT",
			"dependencies": {
				"inherits": "^2.0.3",
				"string_decoder": "^1.1.1",
				"util-deprecate": "^1.0.1"
			},
			"engines": {
				"node": ">= 6"
			}
		},
		"node_modules/readdir-glob": {
			"version": "1.1.3",
			"license": "Apache-2.0",
			"dependencies": {
				"minimatch": "^5.1.0"
			}
		},
		"node_modules/readdir-glob/node_modules/brace-expansion": {
			"version": "2.0.1",
			"license": "MIT",
			"dependencies": {
				"balanced-match": "^1.0.0"
			}
		},
		"node_modules/readdir-glob/node_modules/minimatch": {
			"version": "5.1.6",
			"license": "ISC",
			"dependencies": {
				"brace-expansion": "^2.0.1"
			},
			"engines": {
				"node": ">=10"
			}
		},
		"node_modules/require-from-string": {
			"version": "2.0.2",
			"license": "MIT",
			"engines": {
				"node": ">=0.10.0"
			}
		},
		"node_modules/safe-buffer": {
			"version": "5.2.1",
			"funding": [
				{
					"type": "github",
					"url": "https://github.com/sponsors/feross"
				},
				{
					"type": "patreon",
					"url": "https://www.patreon.com/feross"
				},
				{
					"type": "consulting",
					"url": "https://feross.org/support"
				}
			],
			"license": "MIT"
		},
		"node_modules/safe-stable-stringify": {
			"version": "2.5.0",
			"license": "MIT",
			"engines": {
				"node": ">=10"
			}
		},
		"node_modules/safer-buffer": {
			"version": "2.1.2",
			"license": "MIT"
		},
		"node_modules/semver": {
			"version": "7.7.1",
			"license": "ISC",
			"bin": {
				"semver": "bin/semver.js"
			},
			"engines": {
				"node": ">=10"
			}
		},
		"node_modules/string_decoder": {
			"version": "1.3.0",
			"license": "MIT",
			"dependencies": {
				"safe-buffer": "~5.2.0"
			}
		},
		"node_modules/strtok3": {
			"version": "9.1.1",
			"license": "MIT",
			"dependencies": {
				"@tokenizer/token": "^0.3.0",
				"peek-readable": "^5.3.1"
			},
			"engines": {
				"node": ">=16"
			},
			"funding": {
				"type": "github",
				"url": "https://github.com/sponsors/Borewit"
			}
		},
		"node_modules/tar-stream": {
			"version": "2.2.0",
			"license": "MIT",
			"dependencies": {
				"bl": "^4.0.3",
				"end-of-stream": "^1.4.1",
				"fs-constants": "^1.0.0",
				"inherits": "^2.0.3",
				"readable-stream": "^3.1.1"
			},
			"engines": {
				"node": ">=6"
			}
		},
		"node_modules/token-types": {
			"version": "6.0.0",
			"license": "MIT",
			"dependencies": {
				"@tokenizer/token": "^0.3.0",
				"ieee754": "^1.2.1"
			},
			"engines": {
				"node": ">=14.16"
			},
			"funding": {
				"type": "github",
				"url": "https://github.com/sponsors/Borewit"
			}
		},
		"node_modules/triple-beam": {
			"version": "1.4.1",
			"license": "MIT",
			"engines": {
				"node": ">= 14.0.0"
			}
		},
		"node_modules/uint8array-extras": {
			"version": "1.4.0",
			"license": "MIT",
			"engines": {
				"node": ">=18"
			},
			"funding": {
				"url": "https://github.com/sponsors/sindresorhus"
			}
		},
		"node_modules/util-deprecate": {
			"version": "1.0.2",
			"license": "MIT"
		},
		"node_modules/uuid": {
			"version": "8.3.2",
			"license": "MIT",
			"bin": {
				"uuid": "dist/bin/uuid"
			}
		},
		"node_modules/verror": {
			"version": "1.10.1",
			"license": "MIT",
			"dependencies": {
				"assert-plus": "^1.0.0",
				"core-util-is": "1.0.2",
				"extsprintf": "^1.2.0"
			},
			"engines": {
				"node": ">=0.6.0"
			}
		},
		"node_modules/winston-transport": {
			"version": "4.9.0",
			"license": "MIT",
			"dependencies": {
				"logform": "^2.7.0",
				"readable-stream": "^3.6.2",
				"triple-beam": "^1.3.0"
			},
			"engines": {
				"node": ">= 12.0.0"
			}
		},
		"node_modules/wrappy": {
			"version": "1.0.2",
			"license": "ISC"
		},
		"node_modules/zip-stream": {
			"version": "4.1.1",
			"license": "MIT",
			"dependencies": {
				"archiver-utils": "^3.0.4",
				"compress-commons": "^4.1.2",
				"readable-stream": "^3.6.0"
			},
			"engines": {
				"node": ">= 10"
			}
		},
		"node_modules/zip-stream/node_modules/archiver-utils": {
			"version": "3.0.4",
			"license": "MIT",
			"dependencies": {
				"glob": "^7.2.3",
				"graceful-fs": "^4.2.0",
				"lazystream": "^1.0.0",
				"lodash.defaults": "^4.2.0",
				"lodash.difference": "^4.5.0",
				"lodash.flatten": "^4.4.0",
				"lodash.isplainobject": "^4.0.6",
				"lodash.union": "^4.6.0",
				"normalize-path": "^3.0.0",
				"readable-stream": "^3.6.0"
			},
			"engines": {
				"node": ">= 10"
			}
		}
	}
}
